
Microsoft Visual Studio Solution File, Format Version 12.00
# Visual Studio 15
VisualStudioVersion = 15.0.28010.2046
MinimumVisualStudioVersion = 10.0.40219.1
Project("{FAE04EC0-301F-11D3-BF4B-00C04F79EFBC}") = "WPFMineSweeper", "WPFMineSweeper\WPFMineSweeper.csproj", "{E4271C19-976C-4123-A730-59FFE1D92ED9}"
EndProject
Global
	GlobalSection(SolutionConfigurationPlatforms) = preSolution
		Debug|Any CPU = Debug|Any CPU
		Release|Any CPU = Release|Any CPU
	EndGlobalSection
	GlobalSection(ProjectConfigurationPlatforms) = postSolution
		{E4271C19-976C-4123-A730-59FFE1D92ED9}.Debug|Any CPU.ActiveCfg = Debug|Any CPU
		{E4271C19-976C-4123-A730-59FFE1D92ED9}.Debug|Any CPU.Build.0 = Debug|Any CPU
		{E4271C19-976C-4123-A730-59FFE1D92ED9}.Release|Any CPU.ActiveCfg = Release|Any CPU
		{E4271C19-976C-4123-A730-59FFE1D92ED9}.Release|Any CPU.Build.0 = Release|Any CPU
	EndGlobalSection
	GlobalSection(SolutionProperties) = preSolution
		HideSolutionNode = FALSE
	EndGlobalSection
	GlobalSection(ExtensibilityGlobals) = postSolution
		SolutionGuid = {1E731672-3CC9-45E2-98AA-34C71B84E906}
	EndGlobalSection
EndGlobal
